
Microsoft Visual Studio Solution File, Format Version 12.00
# Visual Studio Version 17
VisualStudioVersion = 17.8.34316.72
MinimumVisualStudioVersion = 10.0.40219.1
Project("{9A19103F-16F7-4668-BE54-9A1E7A4F7556}") = "WpfDataBindingOneWaySample", "WpfDataBindingOneWaySample\WpfDataBindingOneWaySample.csproj", "{D1A99185-E11B-43AB-99F5-186C38E77FA9}"
EndProject
Project("{FAE04EC0-301F-11D3-BF4B-00C04F79EFBC}") = "WpfDataBindDataTemplateSample", "WpfDataBindDataTemplateSample\WpfDataBindDataTemplateSample.csproj", "{CFCA4FAD-5197-4088-AB96-BF1D2AB04FF1}"
EndProject
Project("{FAE04EC0-301F-11D3-BF4B-00C04F79EFBC}") = "WpfDataBindDataTemplateComplexSample", "WpfDataBindDataTemplateComplexSample\WpfDataBindDataTemplateComplexSample.csproj", "{4FF5FEDB-C01A-404A-99C9-F59C15EE3871}"
EndProject
Global
	GlobalSection(SolutionConfigurationPlatforms) = preSolution
		Debug|Any CPU = Debug|Any CPU
		Release|Any CPU = Release|Any CPU
	EndGlobalSection
	GlobalSection(ProjectConfigurationPlatforms) = postSolution
		{D1A99185-E11B-43AB-99F5-186C38E77FA9}.Debug|Any CPU.ActiveCfg = Debug|Any CPU
		{D1A99185-E11B-43AB-99F5-186C38E77FA9}.Debug|Any CPU.Build.0 = Debug|Any CPU
		{D1A99185-E11B-43AB-99F5-186C38E77FA9}.Release|Any CPU.ActiveCfg = Release|Any CPU
		{D1A99185-E11B-43AB-99F5-186C38E77FA9}.Release|Any CPU.Build.0 = Release|Any CPU
		{CFCA4FAD-5197-4088-AB96-BF1D2AB04FF1}.Debug|Any CPU.ActiveCfg = Debug|Any CPU
		{CFCA4FAD-5197-4088-AB96-BF1D2AB04FF1}.Debug|Any CPU.Build.0 = Debug|Any CPU
		{CFCA4FAD-5197-4088-AB96-BF1D2AB04FF1}.Release|Any CPU.ActiveCfg = Release|Any CPU
		{CFCA4FAD-5197-4088-AB96-BF1D2AB04FF1}.Release|Any CPU.Build.0 = Release|Any CPU
		{4FF5FEDB-C01A-404A-99C9-F59C15EE3871}.Debug|Any CPU.ActiveCfg = Debug|Any CPU
		{4FF5FEDB-C01A-404A-99C9-F59C15EE3871}.Debug|Any CPU.Build.0 = Debug|Any CPU
		{4FF5FEDB-C01A-404A-99C9-F59C15EE3871}.Release|Any CPU.ActiveCfg = Release|Any CPU
		{4FF5FEDB-C01A-404A-99C9-F59C15EE3871}.Release|Any CPU.Build.0 = Release|Any CPU
	EndGlobalSection
	GlobalSection(SolutionProperties) = preSolution
		HideSolutionNode = FALSE
	EndGlobalSection
	GlobalSection(ExtensibilityGlobals) = postSolution
		SolutionGuid = {762D52D1-D132-4804-882D-35E04A8142A2}
	EndGlobalSection
EndGlobal
