
Microsoft Visual Studio Solution File, Format Version 12.00
# Visual Studio Version 17
VisualStudioVersion = 17.8.34316.72
MinimumVisualStudioVersion = 10.0.40219.1
Project("{9A19103F-16F7-4668-BE54-9A1E7A4F7556}") = "WpfControlSample", "WpfControlSample\WpfControlSample.csproj", "{37CF3E45-DE38-4819-900C-307F870DB64F}"
EndProject
Project("{9A19103F-16F7-4668-BE54-9A1E7A4F7556}") = "WpfControlGridSample", "WpfControlGridSample\WpfControlGridSample.csproj", "{D730F61E-7855-422C-B988-B9D94CFA6BB1}"
EndProject
Project("{9A19103F-16F7-4668-BE54-9A1E7A4F7556}") = "WpfControlStackPanelSample", "WpfControlStackPanelSample\WpfControlStackPanelSample.csproj", "{B6F7309A-2E8D-4BB5-AB14-DEFEE76B0CA3}"
EndProject
Project("{9A19103F-16F7-4668-BE54-9A1E7A4F7556}") = "WpfControlDockPanel", "WpfControlDockPanel\WpfControlDockPanel.csproj", "{FBD47176-44C7-4921-9A0B-3B9AF3943983}"
EndProject
Project("{9A19103F-16F7-4668-BE54-9A1E7A4F7556}") = "WpfControlWrapPanel", "WpfControlWrapPanel\WpfControlWrapPanel.csproj", "{34ED5D49-19BE-4090-80EE-CBCE000D5DA6}"
EndProject
Project("{9A19103F-16F7-4668-BE54-9A1E7A4F7556}") = "WpfControlCanvasSample", "WpfControlCanvasSample\WpfControlCanvasSample.csproj", "{10889739-3B25-4010-AC8E-60BE7520B620}"
EndProject
Project("{9A19103F-16F7-4668-BE54-9A1E7A4F7556}") = "WpfControlUniformSample", "WpfControlUniformSample\WpfControlUniformSample.csproj", "{F6B28676-75DE-4161-88F9-C1393A58E461}"
EndProject
Project("{9A19103F-16F7-4668-BE54-9A1E7A4F7556}") = "WpfControlLayoutSample", "WpfControlLayoutSample\WpfControlLayoutSample.csproj", "{8567F472-459F-4E10-B3B2-E2A9242DAC70}"
EndProject
Project("{9A19103F-16F7-4668-BE54-9A1E7A4F7556}") = "WpfControlBorderSample", "WpfControlBorderSample\WpfControlBorderSample.csproj", "{E9E833F9-1D46-4A49-BBF3-C89ED9CD74FE}"
EndProject
Project("{9A19103F-16F7-4668-BE54-9A1E7A4F7556}") = "WpfControlButtonSample", "WpfControlButtonSample\WpfControlButtonSample.csproj", "{FCEA5790-2F88-4F44-9657-EB8A8B26AB5D}"
EndProject
Project("{9A19103F-16F7-4668-BE54-9A1E7A4F7556}") = "WpfControlCheckBoxSample", "WpfControlCheckBoxSample\WpfControlCheckBoxSample.csproj", "{9559005C-D1C0-4147-8551-739466C20E0D}"
EndProject
Project("{FAE04EC0-301F-11D3-BF4B-00C04F79EFBC}") = "WpfControlTextBoxSample", "WpfControlTextBoxSample\WpfControlTextBoxSample.csproj", "{FAFA5811-AD3D-4691-9B4B-842AF37767A3}"
EndProject
Project("{FAE04EC0-301F-11D3-BF4B-00C04F79EFBC}") = "WpfControlGroupBoxSample", "WpfControlGroupBoxSample\WpfControlGroupBoxSample.csproj", "{8175A4A6-6B28-49D7-874C-8CF510DC33D6}"
EndProject
Project("{FAE04EC0-301F-11D3-BF4B-00C04F79EFBC}") = "WpfControlComboBoxSample", "WpfControlComboBoxSample\WpfControlComboBoxSample.csproj", "{901F8886-F6A3-42CF-A926-9BC97BF69899}"
EndProject
Project("{FAE04EC0-301F-11D3-BF4B-00C04F79EFBC}") = "WpfControlViewSample", "WpfControlViewSample\WpfControlViewSample.csproj", "{5061EA3B-30BD-4AFF-ADAD-2AFF15F3CF0C}"
EndProject
Project("{FAE04EC0-301F-11D3-BF4B-00C04F79EFBC}") = "WpfControlTreeViewSample", "WpfControlTreeViewSample\WpfControlTreeViewSample.csproj", "{6A51608B-C880-42E9-B241-29AFC4A4288A}"
EndProject
Project("{FAE04EC0-301F-11D3-BF4B-00C04F79EFBC}") = "WpfControlDataGridSample", "WpfControlDataGridSample\WpfControlDataGridSample.csproj", "{115BFF2D-CFD0-43BF-B4B1-D0EEB1948FBC}"
EndProject
Project("{FAE04EC0-301F-11D3-BF4B-00C04F79EFBC}") = "WpfControlScrollViewSample", "WpfControlScrollViewSample\WpfControlScrollViewSample.csproj", "{0F4A821E-0672-4AFE-B94B-5D5B620F4D90}"
EndProject
Project("{FAE04EC0-301F-11D3-BF4B-00C04F79EFBC}") = "WpfControlExpanderSample", "WpfControlExpanderSample\WpfControlExpanderSample.csproj", "{49DDFBB6-62FC-47F4-8871-D10CDDF24984}"
EndProject
Global
	GlobalSection(SolutionConfigurationPlatforms) = preSolution
		Debug|Any CPU = Debug|Any CPU
		Release|Any CPU = Release|Any CPU
	EndGlobalSection
	GlobalSection(ProjectConfigurationPlatforms) = postSolution
		{37CF3E45-DE38-4819-900C-307F870DB64F}.Debug|Any CPU.ActiveCfg = Debug|Any CPU
		{37CF3E45-DE38-4819-900C-307F870DB64F}.Debug|Any CPU.Build.0 = Debug|Any CPU
		{37CF3E45-DE38-4819-900C-307F870DB64F}.Release|Any CPU.ActiveCfg = Release|Any CPU
		{37CF3E45-DE38-4819-900C-307F870DB64F}.Release|Any CPU.Build.0 = Release|Any CPU
		{D730F61E-7855-422C-B988-B9D94CFA6BB1}.Debug|Any CPU.ActiveCfg = Debug|Any CPU
		{D730F61E-7855-422C-B988-B9D94CFA6BB1}.Debug|Any CPU.Build.0 = Debug|Any CPU
		{D730F61E-7855-422C-B988-B9D94CFA6BB1}.Release|Any CPU.ActiveCfg = Release|Any CPU
		{D730F61E-7855-422C-B988-B9D94CFA6BB1}.Release|Any CPU.Build.0 = Release|Any CPU
		{B6F7309A-2E8D-4BB5-AB14-DEFEE76B0CA3}.Debug|Any CPU.ActiveCfg = Debug|Any CPU
		{B6F7309A-2E8D-4BB5-AB14-DEFEE76B0CA3}.Debug|Any CPU.Build.0 = Debug|Any CPU
		{B6F7309A-2E8D-4BB5-AB14-DEFEE76B0CA3}.Release|Any CPU.ActiveCfg = Release|Any CPU
		{B6F7309A-2E8D-4BB5-AB14-DEFEE76B0CA3}.Release|Any CPU.Build.0 = Release|Any CPU
		{FBD47176-44C7-4921-9A0B-3B9AF3943983}.Debug|Any CPU.ActiveCfg = Debug|Any CPU
		{FBD47176-44C7-4921-9A0B-3B9AF3943983}.Debug|Any CPU.Build.0 = Debug|Any CPU
		{FBD47176-44C7-4921-9A0B-3B9AF3943983}.Release|Any CPU.ActiveCfg = Release|Any CPU
		{FBD47176-44C7-4921-9A0B-3B9AF3943983}.Release|Any CPU.Build.0 = Release|Any CPU
		{34ED5D49-19BE-4090-80EE-CBCE000D5DA6}.Debug|Any CPU.ActiveCfg = Debug|Any CPU
		{34ED5D49-19BE-4090-80EE-CBCE000D5DA6}.Debug|Any CPU.Build.0 = Debug|Any CPU
		{34ED5D49-19BE-4090-80EE-CBCE000D5DA6}.Release|Any CPU.ActiveCfg = Release|Any CPU
		{34ED5D49-19BE-4090-80EE-CBCE000D5DA6}.Release|Any CPU.Build.0 = Release|Any CPU
		{10889739-3B25-4010-AC8E-60BE7520B620}.Debug|Any CPU.ActiveCfg = Debug|Any CPU
		{10889739-3B25-4010-AC8E-60BE7520B620}.Debug|Any CPU.Build.0 = Debug|Any CPU
		{10889739-3B25-4010-AC8E-60BE7520B620}.Release|Any CPU.ActiveCfg = Release|Any CPU
		{10889739-3B25-4010-AC8E-60BE7520B620}.Release|Any CPU.Build.0 = Release|Any CPU
		{F6B28676-75DE-4161-88F9-C1393A58E461}.Debug|Any CPU.ActiveCfg = Debug|Any CPU
		{F6B28676-75DE-4161-88F9-C1393A58E461}.Debug|Any CPU.Build.0 = Debug|Any CPU
		{F6B28676-75DE-4161-88F9-C1393A58E461}.Release|Any CPU.ActiveCfg = Release|Any CPU
		{F6B28676-75DE-4161-88F9-C1393A58E461}.Release|Any CPU.Build.0 = Release|Any CPU
		{8567F472-459F-4E10-B3B2-E2A9242DAC70}.Debug|Any CPU.ActiveCfg = Debug|Any CPU
		{8567F472-459F-4E10-B3B2-E2A9242DAC70}.Debug|Any CPU.Build.0 = Debug|Any CPU
		{8567F472-459F-4E10-B3B2-E2A9242DAC70}.Release|Any CPU.ActiveCfg = Release|Any CPU
		{8567F472-459F-4E10-B3B2-E2A9242DAC70}.Release|Any CPU.Build.0 = Release|Any CPU
		{E9E833F9-1D46-4A49-BBF3-C89ED9CD74FE}.Debug|Any CPU.ActiveCfg = Debug|Any CPU
		{E9E833F9-1D46-4A49-BBF3-C89ED9CD74FE}.Debug|Any CPU.Build.0 = Debug|Any CPU
		{E9E833F9-1D46-4A49-BBF3-C89ED9CD74FE}.Release|Any CPU.ActiveCfg = Release|Any CPU
		{E9E833F9-1D46-4A49-BBF3-C89ED9CD74FE}.Release|Any CPU.Build.0 = Release|Any CPU
		{FCEA5790-2F88-4F44-9657-EB8A8B26AB5D}.Debug|Any CPU.ActiveCfg = Debug|Any CPU
		{FCEA5790-2F88-4F44-9657-EB8A8B26AB5D}.Debug|Any CPU.Build.0 = Debug|Any CPU
		{FCEA5790-2F88-4F44-9657-EB8A8B26AB5D}.Release|Any CPU.ActiveCfg = Release|Any CPU
		{FCEA5790-2F88-4F44-9657-EB8A8B26AB5D}.Release|Any CPU.Build.0 = Release|Any CPU
		{9559005C-D1C0-4147-8551-739466C20E0D}.Debug|Any CPU.ActiveCfg = Debug|Any CPU
		{9559005C-D1C0-4147-8551-739466C20E0D}.Debug|Any CPU.Build.0 = Debug|Any CPU
		{9559005C-D1C0-4147-8551-739466C20E0D}.Release|Any CPU.ActiveCfg = Release|Any CPU
		{9559005C-D1C0-4147-8551-739466C20E0D}.Release|Any CPU.Build.0 = Release|Any CPU
		{FAFA5811-AD3D-4691-9B4B-842AF37767A3}.Debug|Any CPU.ActiveCfg = Debug|Any CPU
		{FAFA5811-AD3D-4691-9B4B-842AF37767A3}.Debug|Any CPU.Build.0 = Debug|Any CPU
		{FAFA5811-AD3D-4691-9B4B-842AF37767A3}.Release|Any CPU.ActiveCfg = Release|Any CPU
		{FAFA5811-AD3D-4691-9B4B-842AF37767A3}.Release|Any CPU.Build.0 = Release|Any CPU
		{8175A4A6-6B28-49D7-874C-8CF510DC33D6}.Debug|Any CPU.ActiveCfg = Debug|Any CPU
		{8175A4A6-6B28-49D7-874C-8CF510DC33D6}.Debug|Any CPU.Build.0 = Debug|Any CPU
		{8175A4A6-6B28-49D7-874C-8CF510DC33D6}.Release|Any CPU.ActiveCfg = Release|Any CPU
		{8175A4A6-6B28-49D7-874C-8CF510DC33D6}.Release|Any CPU.Build.0 = Release|Any CPU
		{901F8886-F6A3-42CF-A926-9BC97BF69899}.Debug|Any CPU.ActiveCfg = Debug|Any CPU
		{901F8886-F6A3-42CF-A926-9BC97BF69899}.Debug|Any CPU.Build.0 = Debug|Any CPU
		{901F8886-F6A3-42CF-A926-9BC97BF69899}.Release|Any CPU.ActiveCfg = Release|Any CPU
		{901F8886-F6A3-42CF-A926-9BC97BF69899}.Release|Any CPU.Build.0 = Release|Any CPU
		{5061EA3B-30BD-4AFF-ADAD-2AFF15F3CF0C}.Debug|Any CPU.ActiveCfg = Debug|Any CPU
		{5061EA3B-30BD-4AFF-ADAD-2AFF15F3CF0C}.Debug|Any CPU.Build.0 = Debug|Any CPU
		{5061EA3B-30BD-4AFF-ADAD-2AFF15F3CF0C}.Release|Any CPU.ActiveCfg = Release|Any CPU
		{5061EA3B-30BD-4AFF-ADAD-2AFF15F3CF0C}.Release|Any CPU.Build.0 = Release|Any CPU
		{6A51608B-C880-42E9-B241-29AFC4A4288A}.Debug|Any CPU.ActiveCfg = Debug|Any CPU
		{6A51608B-C880-42E9-B241-29AFC4A4288A}.Debug|Any CPU.Build.0 = Debug|Any CPU
		{6A51608B-C880-42E9-B241-29AFC4A4288A}.Release|Any CPU.ActiveCfg = Release|Any CPU
		{6A51608B-C880-42E9-B241-29AFC4A4288A}.Release|Any CPU.Build.0 = Release|Any CPU
		{115BFF2D-CFD0-43BF-B4B1-D0EEB1948FBC}.Debug|Any CPU.ActiveCfg = Debug|Any CPU
		{115BFF2D-CFD0-43BF-B4B1-D0EEB1948FBC}.Debug|Any CPU.Build.0 = Debug|Any CPU
		{115BFF2D-CFD0-43BF-B4B1-D0EEB1948FBC}.Release|Any CPU.ActiveCfg = Release|Any CPU
		{115BFF2D-CFD0-43BF-B4B1-D0EEB1948FBC}.Release|Any CPU.Build.0 = Release|Any CPU
		{0F4A821E-0672-4AFE-B94B-5D5B620F4D90}.Debug|Any CPU.ActiveCfg = Debug|Any CPU
		{0F4A821E-0672-4AFE-B94B-5D5B620F4D90}.Debug|Any CPU.Build.0 = Debug|Any CPU
		{0F4A821E-0672-4AFE-B94B-5D5B620F4D90}.Release|Any CPU.ActiveCfg = Release|Any CPU
		{0F4A821E-0672-4AFE-B94B-5D5B620F4D90}.Release|Any CPU.Build.0 = Release|Any CPU
		{49DDFBB6-62FC-47F4-8871-D10CDDF24984}.Debug|Any CPU.ActiveCfg = Debug|Any CPU
		{49DDFBB6-62FC-47F4-8871-D10CDDF24984}.Debug|Any CPU.Build.0 = Debug|Any CPU
		{49DDFBB6-62FC-47F4-8871-D10CDDF24984}.Release|Any CPU.ActiveCfg = Release|Any CPU
		{49DDFBB6-62FC-47F4-8871-D10CDDF24984}.Release|Any CPU.Build.0 = Release|Any CPU
	EndGlobalSection
	GlobalSection(SolutionProperties) = preSolution
		HideSolutionNode = FALSE
	EndGlobalSection
	GlobalSection(ExtensibilityGlobals) = postSolution
		SolutionGuid = {7801A64C-D74B-473E-BF76-DA9CECC5AD3E}
	EndGlobalSection
EndGlobal
