
Microsoft Visual Studio Solution File, Format Version 12.00
# Visual Studio Version 17
VisualStudioVersion = 17.8.34316.72
MinimumVisualStudioVersion = 10.0.40219.1
Project("{FAE04EC0-301F-11D3-BF4B-00C04F79EFBC}") = "WpfMarginSample", "WpfMarginSample\WpfMarginSample.csproj", "{94F4C9EA-6777-4819-BC5D-F9D9B25D3872}"
EndProject
Global
	GlobalSection(SolutionConfigurationPlatforms) = preSolution
		Debug|Any CPU = Debug|Any CPU
		Release|Any CPU = Release|Any CPU
	EndGlobalSection
	GlobalSection(ProjectConfigurationPlatforms) = postSolution
		{94F4C9EA-6777-4819-BC5D-F9D9B25D3872}.Debug|Any CPU.ActiveCfg = Debug|Any CPU
		{94F4C9EA-6777-4819-BC5D-F9D9B25D3872}.Debug|Any CPU.Build.0 = Debug|Any CPU
		{94F4C9EA-6777-4819-BC5D-F9D9B25D3872}.Release|Any CPU.ActiveCfg = Release|Any CPU
		{94F4C9EA-6777-4819-BC5D-F9D9B25D3872}.Release|Any CPU.Build.0 = Release|Any CPU
	EndGlobalSection
	GlobalSection(SolutionProperties) = preSolution
		HideSolutionNode = FALSE
	EndGlobalSection
	GlobalSection(ExtensibilityGlobals) = postSolution
		SolutionGuid = {FC105368-E18E-4C3A-A9D4-4C6E16F43E71}
	EndGlobalSection
EndGlobal
